
Microsoft Visual Studio Solution File, Format Version 12.00
# Visual Studio Version 17
VisualStudioVersion = 17.5.002.0
MinimumVisualStudioVersion = 10.0.40219.1
Project("{2150E333-8FDC-42A3-9474-1A3956D46DE8}") = "csharp-prep", "csharp-prep", "{353792E4-75FA-4E77-9750-919AC15CD21D}"
EndProject
Project("{9A19103F-16F7-4668-BE54-9A1E7A4F7556}") = "Prep1", "csharp-prep\Prep1\Prep1.csproj", "{ECA58D68-3516-47C7-85BA-0DE9576BC679}"
EndProject
Project("{9A19103F-16F7-4668-BE54-9A1E7A4F7556}") = "Prep2", "csharp-prep\Prep2\Prep2.csproj", "{038773DA-1E75-4EF0-B837-6F0916B07A03}"
EndProject
Project("{9A19103F-16F7-4668-BE54-9A1E7A4F7556}") = "Prep3", "csharp-prep\Prep3\Prep3.csproj", "{D7A81ACE-2290-4C72-B2E6-6B4E3206E3F2}"
EndProject
Project("{9A19103F-16F7-4668-BE54-9A1E7A4F7556}") = "Prep4", "csharp-prep\Prep4\Prep4.csproj", "{1AED6E34-5B43-46B9-BE77-3775A0DB0AF8}"
EndProject
Project("{9A19103F-16F7-4668-BE54-9A1E7A4F7556}") = "Prep5", "csharp-prep\Prep5\Prep5.csproj", "{9AC49178-72BE-47A1-9597-94AC8D01197B}"
EndProject
Project("{2150E333-8FDC-42A3-9474-1A3956D46DE8}") = "final", "final", "{D549F26A-D4C5-4570-B7B8-23DE4D505093}"
EndProject
Project("{9A19103F-16F7-4668-BE54-9A1E7A4F7556}") = "FinalProject", "final\FinalProject\FinalProject.csproj", "{90209A97-3FE9-4B43-B8A7-977B2DDF49FB}"
EndProject
Project("{9A19103F-16F7-4668-BE54-9A1E7A4F7556}") = "Foundation1", "final\Foundation1\Foundation1.csproj", "{69674A40-3670-4025-9D86-2D82097DC671}"
EndProject
Project("{9A19103F-16F7-4668-BE54-9A1E7A4F7556}") = "Foundation2", "final\Foundation2\Foundation2.csproj", "{146DEA17-5615-4C82-9CC9-09CB6467F045}"
EndProject
Project("{9A19103F-16F7-4668-BE54-9A1E7A4F7556}") = "Foundation3", "final\Foundation3\Foundation3.csproj", "{CC730CD0-BB66-4F71-9588-18617A103ACF}"
EndProject
Project("{9A19103F-16F7-4668-BE54-9A1E7A4F7556}") = "Foundation4", "final\Foundation4\Foundation4.csproj", "{F7C55FC9-6AAF-41CB-86B9-0FA28C05B1F3}"
EndProject
Project("{2150E333-8FDC-42A3-9474-1A3956D46DE8}") = "prepare", "prepare", "{402011A0-C9CC-4120-B66C-D248F7F5A265}"
EndProject
Project("{9A19103F-16F7-4668-BE54-9A1E7A4F7556}") = "Learning02", "prepare\Learning02\Learning02.csproj", "{6090F8AE-4955-4BE8-A728-9B947C40C04B}"
EndProject
Project("{9A19103F-16F7-4668-BE54-9A1E7A4F7556}") = "Learning03", "prepare\Learning03\Learning03.csproj", "{0F7B56B5-D6E3-4F62-9836-23FEFCFF52BA}"
EndProject
Project("{9A19103F-16F7-4668-BE54-9A1E7A4F7556}") = "Learning04", "prepare\Learning04\Learning04.csproj", "{B8B5F10B-59B2-44FB-A5FA-417569A15631}"
EndProject
Project("{9A19103F-16F7-4668-BE54-9A1E7A4F7556}") = "Learning05", "prepare\Learning05\Learning05.csproj", "{C3BEADCB-E17F-4DEE-BA84-20A0A2A81FDD}"
EndProject
Project("{2150E333-8FDC-42A3-9474-1A3956D46DE8}") = "prove", "prove", "{73CE613F-FDCB-4812-8FE2-BD4450B448F8}"
EndProject
Project("{9A19103F-16F7-4668-BE54-9A1E7A4F7556}") = "Develop02", "prove\Develop02\Develop02.csproj", "{8384D8B2-4CD9-4A1C-A5FF-4D5A3C8730E3}"
EndProject
Project("{9A19103F-16F7-4668-BE54-9A1E7A4F7556}") = "Develop03", "prove\Develop03\Develop03.csproj", "{C2924001-C036-47A8-B468-279DB3F7635C}"
EndProject
Project("{9A19103F-16F7-4668-BE54-9A1E7A4F7556}") = "Develop04", "prove\Develop04\Develop04.csproj", "{0B210CEA-67B8-40CF-B340-8C0AFC567607}"
EndProject
Project("{9A19103F-16F7-4668-BE54-9A1E7A4F7556}") = "Develop05", "prove\Develop05\Develop05.csproj", "{92ED3C81-6ADC-4558-841B-CB1494C204E9}"
EndProject
Project("{2150E333-8FDC-42A3-9474-1A3956D46DE8}") = "sandbox", "sandbox", "{BE8D6C53-30A0-4990-A290-7794A0C0D91B}"
EndProject
Project("{9A19103F-16F7-4668-BE54-9A1E7A4F7556}") = "Sandbox", "sandbox\Sandbox\Sandbox.csproj", "{89ED3BBB-A0EF-408C-89A2-588F2C94393F}"
EndProject
Global
	GlobalSection(SolutionConfigurationPlatforms) = preSolution
		Debug|Any CPU = Debug|Any CPU
		Release|Any CPU = Release|Any CPU
	EndGlobalSection
	GlobalSection(ProjectConfigurationPlatforms) = postSolution
		{ECA58D68-3516-47C7-85BA-0DE9576BC679}.Debug|Any CPU.ActiveCfg = Debug|Any CPU
		{ECA58D68-3516-47C7-85BA-0DE9576BC679}.Debug|Any CPU.Build.0 = Debug|Any CPU
		{ECA58D68-3516-47C7-85BA-0DE9576BC679}.Release|Any CPU.ActiveCfg = Release|Any CPU
		{ECA58D68-3516-47C7-85BA-0DE9576BC679}.Release|Any CPU.Build.0 = Release|Any CPU
		{038773DA-1E75-4EF0-B837-6F0916B07A03}.Debug|Any CPU.ActiveCfg = Debug|Any CPU
		{038773DA-1E75-4EF0-B837-6F0916B07A03}.Debug|Any CPU.Build.0 = Debug|Any CPU
		{038773DA-1E75-4EF0-B837-6F0916B07A03}.Release|Any CPU.ActiveCfg = Release|Any CPU
		{038773DA-1E75-4EF0-B837-6F0916B07A03}.Release|Any CPU.Build.0 = Release|Any CPU
		{D7A81ACE-2290-4C72-B2E6-6B4E3206E3F2}.Debug|Any CPU.ActiveCfg = Debug|Any CPU
		{D7A81ACE-2290-4C72-B2E6-6B4E3206E3F2}.Debug|Any CPU.Build.0 = Debug|Any CPU
		{D7A81ACE-2290-4C72-B2E6-6B4E3206E3F2}.Release|Any CPU.ActiveCfg = Release|Any CPU
		{D7A81ACE-2290-4C72-B2E6-6B4E3206E3F2}.Release|Any CPU.Build.0 = Release|Any CPU
		{1AED6E34-5B43-46B9-BE77-3775A0DB0AF8}.Debug|Any CPU.ActiveCfg = Debug|Any CPU
		{1AED6E34-5B43-46B9-BE77-3775A0DB0AF8}.Debug|Any CPU.Build.0 = Debug|Any CPU
		{1AED6E34-5B43-46B9-BE77-3775A0DB0AF8}.Release|Any CPU.ActiveCfg = Release|Any CPU
		{1AED6E34-5B43-46B9-BE77-3775A0DB0AF8}.Release|Any CPU.Build.0 = Release|Any CPU
		{9AC49178-72BE-47A1-9597-94AC8D01197B}.Debug|Any CPU.ActiveCfg = Debug|Any CPU
		{9AC49178-72BE-47A1-9597-94AC8D01197B}.Debug|Any CPU.Build.0 = Debug|Any CPU
		{9AC49178-72BE-47A1-9597-94AC8D01197B}.Release|Any CPU.ActiveCfg = Release|Any CPU
		{9AC49178-72BE-47A1-9597-94AC8D01197B}.Release|Any CPU.Build.0 = Release|Any CPU
		{90209A97-3FE9-4B43-B8A7-977B2DDF49FB}.Debug|Any CPU.ActiveCfg = Debug|Any CPU
		{90209A97-3FE9-4B43-B8A7-977B2DDF49FB}.Debug|Any CPU.Build.0 = Debug|Any CPU
		{90209A97-3FE9-4B43-B8A7-977B2DDF49FB}.Release|Any CPU.ActiveCfg = Release|Any CPU
		{90209A97-3FE9-4B43-B8A7-977B2DDF49FB}.Release|Any CPU.Build.0 = Release|Any CPU
		{69674A40-3670-4025-9D86-2D82097DC671}.Debug|Any CPU.ActiveCfg = Debug|Any CPU
		{69674A40-3670-4025-9D86-2D82097DC671}.Debug|Any CPU.Build.0 = Debug|Any CPU
		{69674A40-3670-4025-9D86-2D82097DC671}.Release|Any CPU.ActiveCfg = Release|Any CPU
		{69674A40-3670-4025-9D86-2D82097DC671}.Release|Any CPU.Build.0 = Release|Any CPU
		{146DEA17-5615-4C82-9CC9-09CB6467F045}.Debug|Any CPU.ActiveCfg = Debug|Any CPU
		{146DEA17-5615-4C82-9CC9-09CB6467F045}.Debug|Any CPU.Build.0 = Debug|Any CPU
		{146DEA17-5615-4C82-9CC9-09CB6467F045}.Release|Any CPU.ActiveCfg = Release|Any CPU
		{146DEA17-5615-4C82-9CC9-09CB6467F045}.Release|Any CPU.Build.0 = Release|Any CPU
		{CC730CD0-BB66-4F71-9588-18617A103ACF}.Debug|Any CPU.ActiveCfg = Debug|Any CPU
		{CC730CD0-BB66-4F71-9588-18617A103ACF}.Debug|Any CPU.Build.0 = Debug|Any CPU
		{CC730CD0-BB66-4F71-9588-18617A103ACF}.Release|Any CPU.ActiveCfg = Release|Any CPU
		{CC730CD0-BB66-4F71-9588-18617A103ACF}.Release|Any CPU.Build.0 = Release|Any CPU
		{F7C55FC9-6AAF-41CB-86B9-0FA28C05B1F3}.Debug|Any CPU.ActiveCfg = Debug|Any CPU
		{F7C55FC9-6AAF-41CB-86B9-0FA28C05B1F3}.Debug|Any CPU.Build.0 = Debug|Any CPU
		{F7C55FC9-6AAF-41CB-86B9-0FA28C05B1F3}.Release|Any CPU.ActiveCfg = Release|Any CPU
		{F7C55FC9-6AAF-41CB-86B9-0FA28C05B1F3}.Release|Any CPU.Build.0 = Release|Any CPU
		{6090F8AE-4955-4BE8-A728-9B947C40C04B}.Debug|Any CPU.ActiveCfg = Debug|Any CPU
		{6090F8AE-4955-4BE8-A728-9B947C40C04B}.Debug|Any CPU.Build.0 = Debug|Any CPU
		{6090F8AE-4955-4BE8-A728-9B947C40C04B}.Release|Any CPU.ActiveCfg = Release|Any CPU
		{6090F8AE-4955-4BE8-A728-9B947C40C04B}.Release|Any CPU.Build.0 = Release|Any CPU
		{0F7B56B5-D6E3-4F62-9836-23FEFCFF52BA}.Debug|Any CPU.ActiveCfg = Debug|Any CPU
		{0F7B56B5-D6E3-4F62-9836-23FEFCFF52BA}.Debug|Any CPU.Build.0 = Debug|Any CPU
		{0F7B56B5-D6E3-4F62-9836-23FEFCFF52BA}.Release|Any CPU.ActiveCfg = Release|Any CPU
		{0F7B56B5-D6E3-4F62-9836-23FEFCFF52BA}.Release|Any CPU.Build.0 = Release|Any CPU
		{B8B5F10B-59B2-44FB-A5FA-417569A15631}.Debug|Any CPU.ActiveCfg = Debug|Any CPU
		{B8B5F10B-59B2-44FB-A5FA-417569A15631}.Debug|Any CPU.Build.0 = Debug|Any CPU
		{B8B5F10B-59B2-44FB-A5FA-417569A15631}.Release|Any CPU.ActiveCfg = Release|Any CPU
		{B8B5F10B-59B2-44FB-A5FA-417569A15631}.Release|Any CPU.Build.0 = Release|Any CPU
		{C3BEADCB-E17F-4DEE-BA84-20A0A2A81FDD}.Debug|Any CPU.ActiveCfg = Debug|Any CPU
		{C3BEADCB-E17F-4DEE-BA84-20A0A2A81FDD}.Debug|Any CPU.Build.0 = Debug|Any CPU
		{C3BEADCB-E17F-4DEE-BA84-20A0A2A81FDD}.Release|Any CPU.ActiveCfg = Release|Any CPU
		{C3BEADCB-E17F-4DEE-BA84-20A0A2A81FDD}.Release|Any CPU.Build.0 = Release|Any CPU
		{8384D8B2-4CD9-4A1C-A5FF-4D5A3C8730E3}.Debug|Any CPU.ActiveCfg = Debug|Any CPU
		{8384D8B2-4CD9-4A1C-A5FF-4D5A3C8730E3}.Debug|Any CPU.Build.0 = Debug|Any CPU
		{8384D8B2-4CD9-4A1C-A5FF-4D5A3C8730E3}.Release|Any CPU.ActiveCfg = Release|Any CPU
		{8384D8B2-4CD9-4A1C-A5FF-4D5A3C8730E3}.Release|Any CPU.Build.0 = Release|Any CPU
		{C2924001-C036-47A8-B468-279DB3F7635C}.Debug|Any CPU.ActiveCfg = Debug|Any CPU
		{C2924001-C036-47A8-B468-279DB3F7635C}.Debug|Any CPU.Build.0 = Debug|Any CPU
		{C2924001-C036-47A8-B468-279DB3F7635C}.Release|Any CPU.ActiveCfg = Release|Any CPU
		{C2924001-C036-47A8-B468-279DB3F7635C}.Release|Any CPU.Build.0 = Release|Any CPU
		{0B210CEA-67B8-40CF-B340-8C0AFC567607}.Debug|Any CPU.ActiveCfg = Debug|Any CPU
		{0B210CEA-67B8-40CF-B340-8C0AFC567607}.Debug|Any CPU.Build.0 = Debug|Any CPU
		{0B210CEA-67B8-40CF-B340-8C0AFC567607}.Release|Any CPU.ActiveCfg = Release|Any CPU
		{0B210CEA-67B8-40CF-B340-8C0AFC567607}.Release|Any CPU.Build.0 = Release|Any CPU
		{92ED3C81-6ADC-4558-841B-CB1494C204E9}.Debug|Any CPU.ActiveCfg = Debug|Any CPU
		{92ED3C81-6ADC-4558-841B-CB1494C204E9}.Debug|Any CPU.Build.0 = Debug|Any CPU
		{92ED3C81-6ADC-4558-841B-CB1494C204E9}.Release|Any CPU.ActiveCfg = Release|Any CPU
		{92ED3C81-6ADC-4558-841B-CB1494C204E9}.Release|Any CPU.Build.0 = Release|Any CPU
		{89ED3BBB-A0EF-408C-89A2-588F2C94393F}.Debug|Any CPU.ActiveCfg = Debug|Any CPU
		{89ED3BBB-A0EF-408C-89A2-588F2C94393F}.Debug|Any CPU.Build.0 = Debug|Any CPU
		{89ED3BBB-A0EF-408C-89A2-588F2C94393F}.Release|Any CPU.ActiveCfg = Release|Any CPU
		{89ED3BBB-A0EF-408C-89A2-588F2C94393F}.Release|Any CPU.Build.0 = Release|Any CPU
	EndGlobalSection
	GlobalSection(SolutionProperties) = preSolution
		HideSolutionNode = FALSE
	EndGlobalSection
	GlobalSection(NestedProjects) = preSolution
		{ECA58D68-3516-47C7-85BA-0DE9576BC679} = {353792E4-75FA-4E77-9750-919AC15CD21D}
		{038773DA-1E75-4EF0-B837-6F0916B07A03} = {353792E4-75FA-4E77-9750-919AC15CD21D}
		{D7A81ACE-2290-4C72-B2E6-6B4E3206E3F2} = {353792E4-75FA-4E77-9750-919AC15CD21D}
		{1AED6E34-5B43-46B9-BE77-3775A0DB0AF8} = {353792E4-75FA-4E77-9750-919AC15CD21D}
		{9AC49178-72BE-47A1-9597-94AC8D01197B} = {353792E4-75FA-4E77-9750-919AC15CD21D}
		{90209A97-3FE9-4B43-B8A7-977B2DDF49FB} = {D549F26A-D4C5-4570-B7B8-23DE4D505093}
		{69674A40-3670-4025-9D86-2D82097DC671} = {D549F26A-D4C5-4570-B7B8-23DE4D505093}
		{146DEA17-5615-4C82-9CC9-09CB6467F045} = {D549F26A-D4C5-4570-B7B8-23DE4D505093}
		{CC730CD0-BB66-4F71-9588-18617A103ACF} = {D549F26A-D4C5-4570-B7B8-23DE4D505093}
		{F7C55FC9-6AAF-41CB-86B9-0FA28C05B1F3} = {D549F26A-D4C5-4570-B7B8-23DE4D505093}
		{6090F8AE-4955-4BE8-A728-9B947C40C04B} = {402011A0-C9CC-4120-B66C-D248F7F5A265}
		{0F7B56B5-D6E3-4F62-9836-23FEFCFF52BA} = {402011A0-C9CC-4120-B66C-D248F7F5A265}
		{B8B5F10B-59B2-44FB-A5FA-417569A15631} = {402011A0-C9CC-4120-B66C-D248F7F5A265}
		{C3BEADCB-E17F-4DEE-BA84-20A0A2A81FDD} = {402011A0-C9CC-4120-B66C-D248F7F5A265}
		{8384D8B2-4CD9-4A1C-A5FF-4D5A3C8730E3} = {73CE613F-FDCB-4812-8FE2-BD4450B448F8}
		{C2924001-C036-47A8-B468-279DB3F7635C} = {73CE613F-FDCB-4812-8FE2-BD4450B448F8}
		{0B210CEA-67B8-40CF-B340-8C0AFC567607} = {73CE613F-FDCB-4812-8FE2-BD4450B448F8}
		{92ED3C81-6ADC-4558-841B-CB1494C204E9} = {73CE613F-FDCB-4812-8FE2-BD4450B448F8}
		{89ED3BBB-A0EF-408C-89A2-588F2C94393F} = {BE8D6C53-30A0-4990-A290-7794A0C0D91B}
	EndGlobalSection
	GlobalSection(ExtensibilityGlobals) = postSolution
		SolutionGuid = {A2254D23-9A3B-4C3D-95CD-C3DF0C9A0C3F}
	EndGlobalSection
EndGlobal
